
Microsoft Visual Studio Solution File, Format Version 12.00
# Visual Studio Version 17
VisualStudioVersion = 17.11.35222.181
MinimumVisualStudioVersion = 10.0.40219.1
Project("{888888A0-9F3D-457C-B088-3A5042F75D52}") = "Práctica 9(1)", "Práctica 9(1).pyproj", "{79D1E664-761C-4AC3-BA45-6C8CB878F177}"
EndProject
Global
	GlobalSection(SolutionConfigurationPlatforms) = preSolution
		Debug|Any CPU = Debug|Any CPU
		Release|Any CPU = Release|Any CPU
	EndGlobalSection
	GlobalSection(ProjectConfigurationPlatforms) = postSolution
		{79D1E664-761C-4AC3-BA45-6C8CB878F177}.Debug|Any CPU.ActiveCfg = Debug|Any CPU
		{79D1E664-761C-4AC3-BA45-6C8CB878F177}.Release|Any CPU.ActiveCfg = Release|Any CPU
	EndGlobalSection
	GlobalSection(SolutionProperties) = preSolution
		HideSolutionNode = FALSE
	EndGlobalSection
	GlobalSection(ExtensibilityGlobals) = postSolution
		SolutionGuid = {30C51414-DC19-4334-8E28-6A151A2DEB9B}
	EndGlobalSection
EndGlobal
